<?xml version="1.0" encoding="utf-8"?>
<Project ToolsVersion="4.0" xmlns="http://schemas.microsoft.com/developer/msbuild/2003">
  <ItemGroup>
    <Filter Include="源文件">
      <UniqueIdentifier>{4FC737F1-C7A5-4376-A066-2A32D752A2FF}</UniqueIdentifier>
      <Extensions>cpp;c;cc;cxx;def;odl;idl;hpj;bat;asm;asmx</Extensions>
    </Filter>
    <Filter Include="头文件">
      <UniqueIdentifier>{93995380-89BD-4b04-88EB-625FBE52EBFB}</UniqueIdentifier>
      <Extensions>h;hh;hpp;hxx;hm;inl;inc;xsd</Extensions>
    </Filter>
    <Filter Include="资源文件">
      <UniqueIdentifier>{67DA6AB6-F800-4c08-8B7A-83BB121AAD01}</UniqueIdentifier>
      <Extensions>rc;ico;cur;bmp;dlg;rc2;rct;bin;rgs;gif;jpg;jpeg;jpe;resx;tiff;tif;png;wav;mfcribbon-ms</Extensions>
    </Filter>
  </ItemGroup>
  <ItemGroup>
    <Text Include="ReadMe.txt" />
    <Text Include="config_infor.txt">
      <Filter>资源文件</Filter>
    </Text>
  </ItemGroup>
  <ItemGroup>
    <ClInclude Include="Manager.h">
      <Filter>头文件</Filter>
    </ClInclude>
    <ClInclude Include="ManagerDlg.h">
      <Filter>头文件</Filter>
    </ClInclude>
    <ClInclude Include="stdafx.h">
      <Filter>头文件</Filter>
    </ClInclude>
    <ClInclude Include="targetver.h">
      <Filter>头文件</Filter>
    </ClInclude>
    <ClInclude Include="Resource.h">
      <Filter>头文件</Filter>
    </ClInclude>
    <ClInclude Include="SkinPlusPlus.h">
      <Filter>头文件</Filter>
    </ClInclude>
    <ClInclude Include="person.h">
      <Filter>头文件</Filter>
    </ClInclude>
    <ClInclude Include="MainFramDlg.h">
      <Filter>头文件</Filter>
    </ClInclude>
    <ClInclude Include="AdminDlg.h">
      <Filter>头文件</Filter>
    </ClInclude>
    <ClInclude Include="CourseDlg.h">
      <Filter>头文件</Filter>
    </ClInclude>
    <ClInclude Include="ReceiveBoxDlg.h">
      <Filter>头文件</Filter>
    </ClInclude>
    <ClInclude Include="RecordDlg.h">
      <Filter>头文件</Filter>
    </ClInclude>
    <ClInclude Include="SendBoxDlg.h">
      <Filter>头文件</Filter>
    </ClInclude>
    <ClInclude Include="SignDlg.h">
      <Filter>头文件</Filter>
    </ClInclude>
    <ClInclude Include="UserCentreDlg.h">
      <Filter>头文件</Filter>
    </ClInclude>
    <ClInclude Include="start_work.h">
      <Filter>头文件</Filter>
    </ClInclude>
    <ClInclude Include="register_infor.h">
      <Filter>头文件</Filter>
    </ClInclude>
    <ClInclude Include="EditSignDlg.h">
      <Filter>头文件</Filter>
    </ClInclude>
    <ClInclude Include="EditRecordDlg.h">
      <Filter>头文件</Filter>
    </ClInclude>
    <ClInclude Include="excel9.h">
      <Filter>头文件</Filter>
    </ClInclude>
    <ClInclude Include="receive_infor.h">
      <Filter>头文件</Filter>
    </ClInclude>
    <ClInclude Include="send_infor.h">
      <Filter>头文件</Filter>
    </ClInclude>
    <ClInclude Include="ReadInforDlg.h">
      <Filter>头文件</Filter>
    </ClInclude>
    <ClInclude Include="SendInforDlg.h">
      <Filter>头文件</Filter>
    </ClInclude>
    <ClInclude Include="DeletePersonDlg.h">
      <Filter>头文件</Filter>
    </ClInclude>
    <ClInclude Include="AddUserDlg.h">
      <Filter>头文件</Filter>
    </ClInclude>
    <ClInclude Include="ChangePasswdDlg.h">
      <Filter>头文件</Filter>
    </ClInclude>
    <ClInclude Include="course_table.h">
      <Filter>头文件</Filter>
    </ClInclude>
    <ClInclude Include="RemindReceiveDlg.h">
      <Filter>头文件</Filter>
    </ClInclude>
    <ClInclude Include="AtWorkDlg.h">
      <Filter>头文件</Filter>
    </ClInclude>
    <ClInclude Include="WorkSheetDlg.h">
      <Filter>头文件</Filter>
    </ClInclude>
    <ClInclude Include="TotalWorkDlg.h">
      <Filter>头文件</Filter>
    </ClInclude>
    <ClInclude Include="SetWorkDlg.h">
      <Filter>头文件</Filter>
    </ClInclude>
    <ClInclude Include="attend_table.h">
      <Filter>头文件</Filter>
    </ClInclude>
  </ItemGroup>
  <ItemGroup>
    <ClCompile Include="Manager.cpp">
      <Filter>源文件</Filter>
    </ClCompile>
    <ClCompile Include="ManagerDlg.cpp">
      <Filter>源文件</Filter>
    </ClCompile>
    <ClCompile Include="stdafx.cpp">
      <Filter>源文件</Filter>
    </ClCompile>
    <ClCompile Include="person.cpp">
      <Filter>源文件</Filter>
    </ClCompile>
    <ClCompile Include="MainFramDlg.cpp">
      <Filter>源文件</Filter>
    </ClCompile>
    <ClCompile Include="AdminDlg.cpp">
      <Filter>源文件</Filter>
    </ClCompile>
    <ClCompile Include="CourseDlg.cpp">
      <Filter>源文件</Filter>
    </ClCompile>
    <ClCompile Include="ReceiveBoxDlg.cpp">
      <Filter>源文件</Filter>
    </ClCompile>
    <ClCompile Include="RecordDlg.cpp">
      <Filter>源文件</Filter>
    </ClCompile>
    <ClCompile Include="SendBoxDlg.cpp">
      <Filter>源文件</Filter>
    </ClCompile>
    <ClCompile Include="SignDlg.cpp">
      <Filter>源文件</Filter>
    </ClCompile>
    <ClCompile Include="UserCentreDlg.cpp">
      <Filter>源文件</Filter>
    </ClCompile>
    <ClCompile Include="start_work.cpp">
      <Filter>源文件</Filter>
    </ClCompile>
    <ClCompile Include="register_infor.cpp">
      <Filter>源文件</Filter>
    </ClCompile>
    <ClCompile Include="EditSignDlg.cpp">
      <Filter>源文件</Filter>
    </ClCompile>
    <ClCompile Include="EditRecordDlg.cpp">
      <Filter>源文件</Filter>
    </ClCompile>
    <ClCompile Include="excel9.cpp">
      <Filter>源文件</Filter>
    </ClCompile>
    <ClCompile Include="receive_infor.cpp">
      <Filter>源文件</Filter>
    </ClCompile>
    <ClCompile Include="send_infor.cpp">
      <Filter>源文件</Filter>
    </ClCompile>
    <ClCompile Include="ReadInforDlg.cpp">
      <Filter>源文件</Filter>
    </ClCompile>
    <ClCompile Include="SendInforDlg.cpp">
      <Filter>源文件</Filter>
    </ClCompile>
    <ClCompile Include="DeletePersonDlg.cpp">
      <Filter>源文件</Filter>
    </ClCompile>
    <ClCompile Include="AddUserDlg.cpp">
      <Filter>源文件</Filter>
    </ClCompile>
    <ClCompile Include="ChangePasswdDlg.cpp">
      <Filter>源文件</Filter>
    </ClCompile>
    <ClCompile Include="course_table.cpp">
      <Filter>源文件</Filter>
    </ClCompile>
    <ClCompile Include="RemindReceiveDlg.cpp">
      <Filter>源文件</Filter>
    </ClCompile>
    <ClCompile Include="AtWorkDlg.cpp">
      <Filter>源文件</Filter>
    </ClCompile>
    <ClCompile Include="WorkSheetDlg.cpp">
      <Filter>源文件</Filter>
    </ClCompile>
    <ClCompile Include="TotalWorkDlg.cpp">
      <Filter>源文件</Filter>
    </ClCompile>
    <ClCompile Include="SetWorkDlg.cpp">
      <Filter>源文件</Filter>
    </ClCompile>
    <ClCompile Include="attend_table.cpp">
      <Filter>源文件</Filter>
    </ClCompile>
  </ItemGroup>
  <ItemGroup>
    <ResourceCompile Include="Manager.rc">
      <Filter>资源文件</Filter>
    </ResourceCompile>
  </ItemGroup>
  <ItemGroup>
    <None Include="res\Manager.rc2">
      <Filter>资源文件</Filter>
    </None>
    <None Include="SkinPlusPlusDLL.dll" />
    <None Include="..\代码关系图20160218.dgml" />
    <None Include="..\对话窗口调用关系图20160218.dgml" />
  </ItemGroup>
  <ItemGroup>
    <Image Include="res\Manager.ico">
      <Filter>资源文件</Filter>
    </Image>
  </ItemGroup>
</Project>